
Microsoft Visual Studio Solution File, Format Version 12.00
# Visual Studio 15
VisualStudioVersion = 15.0.28010.0
MinimumVisualStudioVersion = 10.0.40219.1
Project("{FAE04EC0-301F-11D3-BF4B-00C04F79EFBC}") = "DigitalShop.Admin", "DigitalShop.Admin\DigitalShop.Admin.csproj", "{967CD13A-7108-4348-8459-817A22F9F5D9}"
EndProject
Global
	GlobalSection(SolutionConfigurationPlatforms) = preSolution
		Debug|Any CPU = Debug|Any CPU
		Release|Any CPU = Release|Any CPU
	EndGlobalSection
	GlobalSection(ProjectConfigurationPlatforms) = postSolution
		{967CD13A-7108-4348-8459-817A22F9F5D9}.Debug|Any CPU.ActiveCfg = Debug|Any CPU
		{967CD13A-7108-4348-8459-817A22F9F5D9}.Debug|Any CPU.Build.0 = Debug|Any CPU
		{967CD13A-7108-4348-8459-817A22F9F5D9}.Release|Any CPU.ActiveCfg = Release|Any CPU
		{967CD13A-7108-4348-8459-817A22F9F5D9}.Release|Any CPU.Build.0 = Release|Any CPU
	EndGlobalSection
	GlobalSection(SolutionProperties) = preSolution
		HideSolutionNode = FALSE
	EndGlobalSection
	GlobalSection(ExtensibilityGlobals) = postSolution
		SolutionGuid = {0F5F86BB-864B-4504-81EE-53E9E732217F}
	EndGlobalSection
EndGlobal
