
Microsoft Visual Studio Solution File, Format Version 12.00
# Visual Studio 15
VisualStudioVersion = 15.0.28010.0
MinimumVisualStudioVersion = 10.0.40219.1
Project("{9A19103F-16F7-4668-BE54-9A1E7A4F7556}") = "DigitalShop", "DigitalShop\DigitalShop.csproj", "{D6439E3C-D43C-4C53-8D16-E6177B94CE50}"
EndProject
Project("{9A19103F-16F7-4668-BE54-9A1E7A4F7556}") = "DigitalShop.Domain", "DigitalShop.Domain\DigitalShop.Domain.csproj", "{2CF67C38-3DB1-4460-91EA-AD63ADA9E9FD}"
EndProject
Project("{9A19103F-16F7-4668-BE54-9A1E7A4F7556}") = "DigitalShop.Data", "DigitalShop.Data\DigitalShop.Data.csproj", "{641093A7-7772-4EC7-8A31-60B3BBD0933F}"
EndProject
Project("{FAE04EC0-301F-11D3-BF4B-00C04F79EFBC}") = "DigitalShop.Admin", "DigitalShop.Admin\DigitalShop.Admin.csproj", "{CFBD8A41-19B7-4F50-85B8-1EA6AA4ED234}"
EndProject
Global
	GlobalSection(SolutionConfigurationPlatforms) = preSolution
		Debug|Any CPU = Debug|Any CPU
		Release|Any CPU = Release|Any CPU
	EndGlobalSection
	GlobalSection(ProjectConfigurationPlatforms) = postSolution
		{D6439E3C-D43C-4C53-8D16-E6177B94CE50}.Debug|Any CPU.ActiveCfg = Debug|Any CPU
		{D6439E3C-D43C-4C53-8D16-E6177B94CE50}.Debug|Any CPU.Build.0 = Debug|Any CPU
		{D6439E3C-D43C-4C53-8D16-E6177B94CE50}.Release|Any CPU.ActiveCfg = Release|Any CPU
		{D6439E3C-D43C-4C53-8D16-E6177B94CE50}.Release|Any CPU.Build.0 = Release|Any CPU
		{2CF67C38-3DB1-4460-91EA-AD63ADA9E9FD}.Debug|Any CPU.ActiveCfg = Debug|Any CPU
		{2CF67C38-3DB1-4460-91EA-AD63ADA9E9FD}.Debug|Any CPU.Build.0 = Debug|Any CPU
		{2CF67C38-3DB1-4460-91EA-AD63ADA9E9FD}.Release|Any CPU.ActiveCfg = Release|Any CPU
		{2CF67C38-3DB1-4460-91EA-AD63ADA9E9FD}.Release|Any CPU.Build.0 = Release|Any CPU
		{641093A7-7772-4EC7-8A31-60B3BBD0933F}.Debug|Any CPU.ActiveCfg = Debug|Any CPU
		{641093A7-7772-4EC7-8A31-60B3BBD0933F}.Debug|Any CPU.Build.0 = Debug|Any CPU
		{641093A7-7772-4EC7-8A31-60B3BBD0933F}.Release|Any CPU.ActiveCfg = Release|Any CPU
		{641093A7-7772-4EC7-8A31-60B3BBD0933F}.Release|Any CPU.Build.0 = Release|Any CPU
		{CFBD8A41-19B7-4F50-85B8-1EA6AA4ED234}.Debug|Any CPU.ActiveCfg = Debug|Any CPU
		{CFBD8A41-19B7-4F50-85B8-1EA6AA4ED234}.Debug|Any CPU.Build.0 = Debug|Any CPU
		{CFBD8A41-19B7-4F50-85B8-1EA6AA4ED234}.Release|Any CPU.ActiveCfg = Release|Any CPU
		{CFBD8A41-19B7-4F50-85B8-1EA6AA4ED234}.Release|Any CPU.Build.0 = Release|Any CPU
	EndGlobalSection
	GlobalSection(SolutionProperties) = preSolution
		HideSolutionNode = FALSE
	EndGlobalSection
	GlobalSection(ExtensibilityGlobals) = postSolution
		SolutionGuid = {96B52B6C-C7CD-41A8-B046-678B1E7CC940}
	EndGlobalSection
EndGlobal
